
Microsoft Visual Studio Solution File, Format Version 12.00
# Visual Studio Version 16
VisualStudioVersion = 16.0.31205.134
MinimumVisualStudioVersion = 10.0.40219.1
Project("{FAE04EC0-301F-11D3-BF4B-00C04F79EFBC}") = "Presentacion", "FerreMas\Presentacion.csproj", "{27260ADA-30D1-47AA-9D5F-E01E95B61A4E}"
EndProject
Project("{FAE04EC0-301F-11D3-BF4B-00C04F79EFBC}") = "Datos", "Datos\Datos.csproj", "{7A8B9601-3FF5-4016-A5A8-C99DFC8FA853}"
EndProject
Project("{FAE04EC0-301F-11D3-BF4B-00C04F79EFBC}") = "Negocio", "Negocio\Negocio.csproj", "{863DA8BD-CABB-4541-ACCA-639BCC67E7A6}"
EndProject
Global
	GlobalSection(SolutionConfigurationPlatforms) = preSolution
		Debug|Any CPU = Debug|Any CPU
		Release|Any CPU = Release|Any CPU
	EndGlobalSection
	GlobalSection(ProjectConfigurationPlatforms) = postSolution
		{27260ADA-30D1-47AA-9D5F-E01E95B61A4E}.Debug|Any CPU.ActiveCfg = Debug|Any CPU
		{27260ADA-30D1-47AA-9D5F-E01E95B61A4E}.Debug|Any CPU.Build.0 = Debug|Any CPU
		{27260ADA-30D1-47AA-9D5F-E01E95B61A4E}.Release|Any CPU.ActiveCfg = Release|Any CPU
		{27260ADA-30D1-47AA-9D5F-E01E95B61A4E}.Release|Any CPU.Build.0 = Release|Any CPU
		{7A8B9601-3FF5-4016-A5A8-C99DFC8FA853}.Debug|Any CPU.ActiveCfg = Debug|Any CPU
		{7A8B9601-3FF5-4016-A5A8-C99DFC8FA853}.Debug|Any CPU.Build.0 = Debug|Any CPU
		{7A8B9601-3FF5-4016-A5A8-C99DFC8FA853}.Release|Any CPU.ActiveCfg = Release|Any CPU
		{7A8B9601-3FF5-4016-A5A8-C99DFC8FA853}.Release|Any CPU.Build.0 = Release|Any CPU
		{863DA8BD-CABB-4541-ACCA-639BCC67E7A6}.Debug|Any CPU.ActiveCfg = Debug|Any CPU
		{863DA8BD-CABB-4541-ACCA-639BCC67E7A6}.Debug|Any CPU.Build.0 = Debug|Any CPU
		{863DA8BD-CABB-4541-ACCA-639BCC67E7A6}.Release|Any CPU.ActiveCfg = Release|Any CPU
		{863DA8BD-CABB-4541-ACCA-639BCC67E7A6}.Release|Any CPU.Build.0 = Release|Any CPU
	EndGlobalSection
	GlobalSection(SolutionProperties) = preSolution
		HideSolutionNode = FALSE
	EndGlobalSection
	GlobalSection(ExtensibilityGlobals) = postSolution
		SolutionGuid = {B1636CC0-8E8E-49AC-B753-259B4165B99E}
	EndGlobalSection
EndGlobal
